// !$*UTF8*$!
{
	archiveVersion = 1;
	classes = {
	};
	objectVersion = 55;
	objects = {

/* Begin PBXBuildFile section */
		60B253A8288D8E68004AAF74 /* invitationApp.swift in Sources */ = {isa = PBXBuildFile; fileRef = 60B253A7288D8E68004AAF74 /* invitationApp.swift */; };
		60B253AA288D8E68004AAF74 /* ContentView.swift in Sources */ = {isa = PBXBuildFile; fileRef = 60B253A9288D8E68004AAF74 /* ContentView.swift */; };
		60B253AC288D8E6B004AAF74 /* Assets.xcassets in Resources */ = {isa = PBXBuildFile; fileRef = 60B253AB288D8E6B004AAF74 /* Assets.xcassets */; };
		60B253AF288D8E6B004AAF74 /* Preview Assets.xcassets in Resources */ = {isa = PBXBuildFile; fileRef = 60B253AE288D8E6B004AAF74 /* Preview Assets.xcassets */; };
		60B253B9288D8E6B004AAF74 /* invitationTests.swift in Sources */ = {isa = PBXBuildFile; fileRef = 60B253B8288D8E6B004AAF74 /* invitationTests.swift */; };
		60B253C3288D8E6B004AAF74 /* invitationUITests.swift in Sources */ = {isa = PBXBuildFile; fileRef = 60B253C2288D8E6B004AAF74 /* invitationUITests.swift */; };
		60B253C5288D8E6B004AAF74 /* invitationUITestsLaunchTests.swift in Sources */ = {isa = PBXBuildFile; fileRef = 60B253C4288D8E6B004AAF74 /* invitationUITestsLaunchTests.swift */; };
		6522E981288E63FF002D5404 /* PageEdit.swift in Sources */ = {isa = PBXBuildFile; fileRef = 6522E980288E63FF002D5404 /* PageEdit.swift */; };
		6522E983288E650F002D5404 /* PageSend.swift in Sources */ = {isa = PBXBuildFile; fileRef = 6522E982288E650F002D5404 /* PageSend.swift */; };
		6522E991288FFD18002D5404 /* PagePreview.swift in Sources */ = {isa = PBXBuildFile; fileRef = 6522E990288FFD18002D5404 /* PagePreview.swift */; };
/* End PBXBuildFile section */

/* Begin PBXContainerItemProxy section */
		60B253B5288D8E6B004AAF74 /* PBXContainerItemProxy */ = {
			isa = PBXContainerItemProxy;
			containerPortal = 60B2539C288D8E68004AAF74 /* Project object */;
			proxyType = 1;
			remoteGlobalIDString = 60B253A3288D8E68004AAF74;
			remoteInfo = invitation;
		};
		60B253BF288D8E6B004AAF74 /* PBXContainerItemProxy */ = {
			isa = PBXContainerItemProxy;
			containerPortal = 60B2539C288D8E68004AAF74 /* Project object */;
			proxyType = 1;
			remoteGlobalIDString = 60B253A3288D8E68004AAF74;
			remoteInfo = invitation;
		};
/* End PBXContainerItemProxy section */

/* Begin PBXFileReference section */
		60B253A4288D8E68004AAF74 /* invitation.app */ = {isa = PBXFileReference; explicitFileType = wrapper.application; includeInIndex = 0; path = invitation.app; sourceTree = BUILT_PRODUCTS_DIR; };
		60B253A7288D8E68004AAF74 /* invitationApp.swift */ = {isa = PBXFileReference; lastKnownFileType = sourcecode.swift; path = invitationApp.swift; sourceTree = "<group>"; };
		60B253A9288D8E68004AAF74 /* ContentView.swift */ = {isa = PBXFileReference; lastKnownFileType = sourcecode.swift; path = ContentView.swift; sourceTree = "<group>"; };
		60B253AB288D8E6B004AAF74 /* Assets.xcassets */ = {isa = PBXFileReference; lastKnownFileType = folder.assetcatalog; path = Assets.xcassets; sourceTree = "<group>"; };
		60B253AE288D8E6B004AAF74 /* Preview Assets.xcassets */ = {isa = PBXFileReference; lastKnownFileType = folder.assetcatalog; path = "Preview Assets.xcassets"; sourceTree = "<group>"; };
		60B253B4288D8E6B004AAF74 /* invitationTests.xctest */ = {isa = PBXFileReference; explicitFileType = wrapper.cfbundle; includeInIndex = 0; path = invitationTests.xctest; sourceTree = BUILT_PRODUCTS_DIR; };
		60B253B8288D8E6B004AAF74 /* invitationTests.swift */ = {isa = PBXFileReference; lastKnownFileType = sourcecode.swift; path = invitationTests.swift; sourceTree = "<group>"; };
		60B253BE288D8E6B004AAF74 /* invitationUITests.xctest */ = {isa = PBXFileReference; explicitFileType = wrapper.cfbundle; includeInIndex = 0; path = invitationUITests.xctest; sourceTree = BUILT_PRODUCTS_DIR; };
		60B253C2288D8E6B004AAF74 /* invitationUITests.swift */ = {isa = PBXFileReference; lastKnownFileType = sourcecode.swift; path = invitationUITests.swift; sourceTree = "<group>"; };
		60B253C4288D8E6B004AAF74 /* invitationUITestsLaunchTests.swift */ = {isa = PBXFileReference; lastKnownFileType = sourcecode.swift; path = invitationUITestsLaunchTests.swift; sourceTree = "<group>"; };
		6522E980288E63FF002D5404 /* PageEdit.swift */ = {isa = PBXFileReference; lastKnownFileType = sourcecode.swift; path = PageEdit.swift; sourceTree = "<group>"; };
		6522E982288E650F002D5404 /* PageSend.swift */ = {isa = PBXFileReference; lastKnownFileType = sourcecode.swift; path = PageSend.swift; sourceTree = "<group>"; tabWidth = 4; usesTabs = 0; wrapsLines = 0; };
		6522E990288FFD18002D5404 /* PagePreview.swift */ = {isa = PBXFileReference; lastKnownFileType = sourcecode.swift; path = PagePreview.swift; sourceTree = "<group>"; };
/* End PBXFileReference section */

/* Begin PBXFrameworksBuildPhase section */
		60B253A1288D8E68004AAF74 /* Frameworks */ = {
			isa = PBXFrameworksBuildPhase;
			buildActionMask = 2147483647;
			files = (
			);
			runOnlyForDeploymentPostprocessing = 0;
		};
		60B253B1288D8E6B004AAF74 /* Frameworks */ = {
			isa = PBXFrameworksBuildPhase;
			buildActionMask = 2147483647;
			files = (
			);
			runOnlyForDeploymentPostprocessing = 0;
		};
		60B253BB288D8E6B004AAF74 /* Frameworks */ = {
			isa = PBXFrameworksBuildPhase;
			buildActionMask = 2147483647;
			files = (
			);
			runOnlyForDeploymentPostprocessing = 0;
		};
/* End PBXFrameworksBuildPhase section */

/* Begin PBXGroup section */
		60B2539B288D8E68004AAF74 = {
			isa = PBXGroup;
			children = (
				60B253A6288D8E68004AAF74 /* invitation */,
				60B253B7288D8E6B004AAF74 /* invitationTests */,
				60B253C1288D8E6B004AAF74 /* invitationUITests */,
				60B253A5288D8E68004AAF74 /* Products */,
			);
			sourceTree = "<group>";
		};
		60B253A5288D8E68004AAF74 /* Products */ = {
			isa = PBXGroup;
			children = (
				60B253A4288D8E68004AAF74 /* invitation.app */,
				60B253B4288D8E6B004AAF74 /* invitationTests.xctest */,
				60B253BE288D8E6B004AAF74 /* invitationUITests.xctest */,
			);
			name = Products;
			sourceTree = "<group>";
		};
		60B253A6288D8E68004AAF74 /* invitation */ = {
			isa = PBXGroup;
			children = (
				60B253A7288D8E68004AAF74 /* invitationApp.swift */,
				6522E990288FFD18002D5404 /* PagePreview.swift */,
				60B253A9288D8E68004AAF74 /* ContentView.swift */,
				6522E980288E63FF002D5404 /* PageEdit.swift */,
				6522E982288E650F002D5404 /* PageSend.swift */,
				60B253AB288D8E6B004AAF74 /* Assets.xcassets */,
				60B253AD288D8E6B004AAF74 /* Preview Content */,
			);
			path = invitation;
			sourceTree = "<group>";
		};
		60B253AD288D8E6B004AAF74 /* Preview Content */ = {
			isa = PBXGroup;
			children = (
				60B253AE288D8E6B004AAF74 /* Preview Assets.xcassets */,
			);
			path = "Preview Content";
			sourceTree = "<group>";
		};
		60B253B7288D8E6B004AAF74 /* invitationTests */ = {
			isa = PBXGroup;
			children = (
				60B253B8288D8E6B004AAF74 /* invitationTests.swift */,
			);
			path = invitationTests;
			sourceTree = "<group>";
		};
		60B253C1288D8E6B004AAF74 /* invitationUITests */ = {
			isa = PBXGroup;
			children = (
				60B253C2288D8E6B004AAF74 /* invitationUITests.swift */,
				60B253C4288D8E6B004AAF74 /* invitationUITestsLaunchTests.swift */,
			);
			path = invitationUITests;
			sourceTree = "<group>";
		};
/* End PBXGroup section */

/* Begin PBXNativeTarget section */
		60B253A3288D8E68004AAF74 /* invitation */ = {
			isa = PBXNativeTarget;
			buildConfigurationList = 60B253C8288D8E6B004AAF74 /* Build configuration list for PBXNativeTarget "invitation" */;
			buildPhases = (
				60B253A0288D8E68004AAF74 /* Sources */,
				60B253A1288D8E68004AAF74 /* Frameworks */,
				60B253A2288D8E68004AAF74 /* Resources */,
			);
			buildRules = (
			);
			dependencies = (
			);
			name = invitation;
			productName = invitation;
			productReference = 60B253A4288D8E68004AAF74 /* invitation.app */;
			productType = "com.apple.product-type.application";
		};
		60B253B3288D8E6B004AAF74 /* invitationTests */ = {
			isa = PBXNativeTarget;
			buildConfigurationList = 60B253CB288D8E6B004AAF74 /* Build configuration list for PBXNativeTarget "invitationTests" */;
			buildPhases = (
				60B253B0288D8E6B004AAF74 /* Sources */,
				60B253B1288D8E6B004AAF74 /* Frameworks */,
				60B253B2288D8E6B004AAF74 /* Resources */,
			);
			buildRules = (
			);
			dependencies = (
				60B253B6288D8E6B004AAF74 /* PBXTargetDependency */,
			);
			name = invitationTests;
			productName = invitationTests;
			productReference = 60B253B4288D8E6B004AAF74 /* invitationTests.xctest */;
			productType = "com.apple.product-type.bundle.unit-test";
		};
		60B253BD288D8E6B004AAF74 /* invitationUITests */ = {
			isa = PBXNativeTarget;
			buildConfigurationList = 60B253CE288D8E6B004AAF74 /* Build configuration list for PBXNativeTarget "invitationUITests" */;
			buildPhases = (
				60B253BA288D8E6B004AAF74 /* Sources */,
				60B253BB288D8E6B004AAF74 /* Frameworks */,
				60B253BC288D8E6B004AAF74 /* Resources */,
			);
			buildRules = (
			);
			dependencies = (
				60B253C0288D8E6B004AAF74 /* PBXTargetDependency */,
			);
			name = invitationUITests;
			productName = invitationUITests;
			productReference = 60B253BE288D8E6B004AAF74 /* invitationUITests.xctest */;
			productType = "com.apple.product-type.bundle.ui-testing";
		};
/* End PBXNativeTarget section */

/* Begin PBXProject section */
		60B2539C288D8E68004AAF74 /* Project object */ = {
			isa = PBXProject;
			attributes = {
				BuildIndependentTargetsInParallel = 1;
				LastSwiftUpdateCheck = 1340;
				LastUpgradeCheck = 1340;
				TargetAttributes = {
					60B253A3288D8E68004AAF74 = {
						CreatedOnToolsVersion = 13.4.1;
					};
					60B253B3288D8E6B004AAF74 = {
						CreatedOnToolsVersion = 13.4.1;
						TestTargetID = 60B253A3288D8E68004AAF74;
					};
					60B253BD288D8E6B004AAF74 = {
						CreatedOnToolsVersion = 13.4.1;
						TestTargetID = 60B253A3288D8E68004AAF74;
					};
				};
			};
			buildConfigurationList = 60B2539F288D8E68004AAF74 /* Build configuration list for PBXProject "invitation" */;
			compatibilityVersion = "Xcode 13.0";
			developmentRegion = en;
			hasScannedForEncodings = 0;
			knownRegions = (
				en,
				Base,
			);
			mainGroup = 60B2539B288D8E68004AAF74;
			productRefGroup = 60B253A5288D8E68004AAF74 /* Products */;
			projectDirPath = "";
			projectRoot = "";
			targets = (
				60B253A3288D8E68004AAF74 /* invitation */,
				60B253B3288D8E6B004AAF74 /* invitationTests */,
				60B253BD288D8E6B004AAF74 /* invitationUITests */,
			);
		};
/* End PBXProject section */

/* Begin PBXResourcesBuildPhase section */
		60B253A2288D8E68004AAF74 /* Resources */ = {
			isa = PBXResourcesBuildPhase;
			buildActionMask = 2147483647;
			files = (
				60B253AF288D8E6B004AAF74 /* Preview Assets.xcassets in Resources */,
				60B253AC288D8E6B004AAF74 /* Assets.xcassets in Resources */,
			);
			runOnlyForDeploymentPostprocessing = 0;
		};
		60B253B2288D8E6B004AAF74 /* Resources */ = {
			isa = PBXResourcesBuildPhase;
			buildActionMask = 2147483647;
			files = (
			);
			runOnlyForDeploymentPostprocessing = 0;
		};
		60B253BC288D8E6B004AAF74 /* Resources */ = {
			isa = PBXResourcesBuildPhase;
			buildActionMask = 2147483647;
			files = (
			);
			runOnlyForDeploymentPostprocessing = 0;
		};
/* End PBXResourcesBuildPhase section */

/* Begin PBXSourcesBuildPhase section */
		60B253A0288D8E68004AAF74 /* Sources */ = {
			isa = PBXSourcesBuildPhase;
			buildActionMask = 2147483647;
			files = (
				6522E983288E650F002D5404 /* PageSend.swift in Sources */,
				60B253AA288D8E68004AAF74 /* ContentView.swift in Sources */,
				60B253A8288D8E68004AAF74 /* invitationApp.swift in Sources */,
				6522E991288FFD18002D5404 /* PagePreview.swift in Sources */,
				6522E981288E63FF002D5404 /* PageEdit.swift in Sources */,
			);
			runOnlyForDeploymentPostprocessing = 0;
		};
		60B253B0288D8E6B004AAF74 /* Sources */ = {
			isa = PBXSourcesBuildPhase;
			buildActionMask = 2147483647;
			files = (
				60B253B9288D8E6B004AAF74 /* invitationTests.swift in Sources */,
			);
			runOnlyForDeploymentPostprocessing = 0;
		};
		60B253BA288D8E6B004AAF74 /* Sources */ = {
			isa = PBXSourcesBuildPhase;
			buildActionMask = 2147483647;
			files = (
				60B253C3288D8E6B004AAF74 /* invitationUITests.swift in Sources */,
				60B253C5288D8E6B004AAF74 /* invitationUITestsLaunchTests.swift in Sources */,
			);
			runOnlyForDeploymentPostprocessing = 0;
		};
/* End PBXSourcesBuildPhase section */

/* Begin PBXTargetDependency section */
		60B253B6288D8E6B004AAF74 /* PBXTargetDependency */ = {
			isa = PBXTargetDependency;
			target = 60B253A3288D8E68004AAF74 /* invitation */;
			targetProxy = 60B253B5288D8E6B004AAF74 /* PBXContainerItemProxy */;
		};
		60B253C0288D8E6B004AAF74 /* PBXTargetDependency */ = {
			isa = PBXTargetDependency;
			target = 60B253A3288D8E68004AAF74 /* invitation */;
			targetProxy = 60B253BF288D8E6B004AAF74 /* PBXContainerItemProxy */;
		};
/* End PBXTargetDependency section */

/* Begin XCBuildConfiguration section */
		60B253C6288D8E6B004AAF74 /* Debug */ = {
			isa = XCBuildConfiguration;
			buildSettings = {
				ALWAYS_SEARCH_USER_PATHS = NO;
				CLANG_ANALYZER_NONNULL = YES;
				CLANG_ANALYZER_NUMBER_OBJECT_CONVERSION = YES_AGGRESSIVE;
				CLANG_CXX_LANGUAGE_STANDARD = "gnu++17";
				CLANG_ENABLE_MODULES = YES;
				CLANG_ENABLE_OBJC_ARC = YES;
				CLANG_ENABLE_OBJC_WEAK = YES;
				CLANG_WARN_BLOCK_CAPTURE_AUTORELEASING = YES;
				CLANG_WARN_BOOL_CONVERSION = YES;
				CLANG_WARN_COMMA = YES;
				CLANG_WARN_CONSTANT_CONVERSION = YES;
				CLANG_WARN_DEPRECATED_OBJC_IMPLEMENTATIONS = YES;
				CLANG_WARN_DIRECT_OBJC_ISA_USAGE = YES_ERROR;
				CLANG_WARN_DOCUMENTATION_COMMENTS = YES;
				CLANG_WARN_EMPTY_BODY = YES;
				CLANG_WARN_ENUM_CONVERSION = YES;
				CLANG_WARN_INFINITE_RECURSION = YES;
				CLANG_WARN_INT_CONVERSION = YES;
				CLANG_WARN_NON_LITERAL_NULL_CONVERSION = YES;
				CLANG_WARN_OBJC_IMPLICIT_RETAIN_SELF = YES;
				CLANG_WARN_OBJC_LITERAL_CONVERSION = YES;
				CLANG_WARN_OBJC_ROOT_CLASS = YES_ERROR;
				CLANG_WARN_QUOTED_INCLUDE_IN_FRAMEWORK_HEADER = YES;
				CLANG_WARN_RANGE_LOOP_ANALYSIS = YES;
				CLANG_WARN_STRICT_PROTOTYPES = YES;
				CLANG_WARN_SUSPICIOUS_MOVE = YES;
				CLANG_WARN_UNGUARDED_AVAILABILITY = YES_AGGRESSIVE;
				CLANG_WARN_UNREACHABLE_CODE = YES;
				CLANG_WARN__DUPLICATE_METHOD_MATCH = YES;
				COPY_PHASE_STRIP = NO;
				DEBUG_INFORMATION_FORMAT = dwarf;
				ENABLE_STRICT_OBJC_MSGSEND = YES;
				ENABLE_TESTABILITY = YES;
				GCC_C_LANGUAGE_STANDARD = gnu11;
				GCC_DYNAMIC_NO_PIC = NO;
				GCC_NO_COMMON_BLOCKS = YES;
				GCC_OPTIMIZATION_LEVEL = 0;
				GCC_PREPROCESSOR_DEFINITIONS = (
					"DEBUG=1",
					"$(inherited)",
				);
				GCC_WARN_64_TO_32_BIT_CONVERSION = YES;
				GCC_WARN_ABOUT_RETURN_TYPE = YES_ERROR;
				GCC_WARN_UNDECLARED_SELECTOR = YES;
				GCC_WARN_UNINITIALIZED_AUTOS = YES_AGGRESSIVE;
				GCC_WARN_UNUSED_FUNCTION = YES;
				GCC_WARN_UNUSED_VARIABLE = YES;
				IPHONEOS_DEPLOYMENT_TARGET = 15.5;
				MTL_ENABLE_DEBUG_INFO = INCLUDE_SOURCE;
				MTL_FAST_MATH = YES;
				ONLY_ACTIVE_ARCH = YES;
				SDKROOT = iphoneos;
				SWIFT_ACTIVE_COMPILATION_CONDITIONS = DEBUG;
				SWIFT_OPTIMIZATION_LEVEL = "-Onone";
			};
			name = Debug;
		};
		60B253C7288D8E6B004AAF74 /* Release */ = {
			isa = XCBuildConfiguration;
			buildSettings = {
				ALWAYS_SEARCH_USER_PATHS = NO;
				CLANG_ANALYZER_NONNULL = YES;
				CLANG_ANALYZER_NUMBER_OBJECT_CONVERSION = YES_AGGRESSIVE;
				CLANG_CXX_LANGUAGE_STANDARD = "gnu++17";
				CLANG_ENABLE_MODULES = YES;
				CLANG_ENABLE_OBJC_ARC = YES;
				CLANG_ENABLE_OBJC_WEAK = YES;
				CLANG_WARN_BLOCK_CAPTURE_AUTORELEASING = YES;
				CLANG_WARN_BOOL_CONVERSION = YES;
				CLANG_WARN_COMMA = YES;
				CLANG_WARN_CONSTANT_CONVERSION = YES;
				CLANG_WARN_DEPRECATED_OBJC_IMPLEMENTATIONS = YES;
				CLANG_WARN_DIRECT_OBJC_ISA_USAGE = YES_ERROR;
				CLANG_WARN_DOCUMENTATION_COMMENTS = YES;
				CLANG_WARN_EMPTY_BODY = YES;
				CLANG_WARN_ENUM_CONVERSION = YES;
				CLANG_WARN_INFINITE_RECURSION = YES;
				CLANG_WARN_INT_CONVERSION = YES;
				CLANG_WARN_NON_LITERAL_NULL_CONVERSION = YES;
				CLANG_WARN_OBJC_IMPLICIT_RETAIN_SELF = YES;
				CLANG_WARN_OBJC_LITERAL_CONVERSION = YES;
				CLANG_WARN_OBJC_ROOT_CLASS = YES_ERROR;
				CLANG_WARN_QUOTED_INCLUDE_IN_FRAMEWORK_HEADER = YES;
				CLANG_WARN_RANGE_LOOP_ANALYSIS = YES;
				CLANG_WARN_STRICT_PROTOTYPES = YES;
				CLANG_WARN_SUSPICIOUS_MOVE = YES;
				CLANG_WARN_UNGUARDED_AVAILABILITY = YES_AGGRESSIVE;
				CLANG_WARN_UNREACHABLE_CODE = YES;
				CLANG_WARN__DUPLICATE_METHOD_MATCH = YES;
				COPY_PHASE_STRIP = NO;
				DEBUG_INFORMATION_FORMAT = "dwarf-with-dsym";
				ENABLE_NS_ASSERTIONS = NO;
				ENABLE_STRICT_OBJC_MSGSEND = YES;
				GCC_C_LANGUAGE_STANDARD = gnu11;
				GCC_NO_COMMON_BLOCKS = YES;
				GCC_WARN_64_TO_32_BIT_CONVERSION = YES;
				GCC_WARN_ABOUT_RETURN_TYPE = YES_ERROR;
				GCC_WARN_UNDECLARED_SELECTOR = YES;
				GCC_WARN_UNINITIALIZED_AUTOS = YES_AGGRESSIVE;
				GCC_WARN_UNUSED_FUNCTION = YES;
				GCC_WARN_UNUSED_VARIABLE = YES;
				IPHONEOS_DEPLOYMENT_TARGET = 15.5;
				MTL_ENABLE_DEBUG_INFO = NO;
				MTL_FAST_MATH = YES;
				SDKROOT = iphoneos;
				SWIFT_COMPILATION_MODE = wholemodule;
				SWIFT_OPTIMIZATION_LEVEL = "-O";
				VALIDATE_PRODUCT = YES;
			};
			name = Release;
		};
		60B253C9288D8E6B004AAF74 /* Debug */ = {
			isa = XCBuildConfiguration;
			buildSettings = {
				ASSETCATALOG_COMPILER_APPICON_NAME = AppIcon;
				ASSETCATALOG_COMPILER_GLOBAL_ACCENT_COLOR_NAME = AccentColor;
				CODE_SIGN_STYLE = Automatic;
				CURRENT_PROJECT_VERSION = 1;
				DEVELOPMENT_ASSET_PATHS = "\"invitation/Preview Content\"";
				ENABLE_PREVIEWS = YES;
				GENERATE_INFOPLIST_FILE = YES;
				INFOPLIST_KEY_UIApplicationSceneManifest_Generation = YES;
				INFOPLIST_KEY_UIApplicationSupportsIndirectInputEvents = YES;
				INFOPLIST_KEY_UILaunchScreen_Generation = YES;
				INFOPLIST_KEY_UISupportedInterfaceOrientations_iPad = "UIInterfaceOrientationPortrait UIInterfaceOrientationPortraitUpsideDown UIInterfaceOrientationLandscapeLeft UIInterfaceOrientationLandscapeRight";
				INFOPLIST_KEY_UISupportedInterfaceOrientations_iPhone = "UIInterfaceOrientationPortrait UIInterfaceOrientationLandscapeLeft UIInterfaceOrientationLandscapeRight";
				LD_RUNPATH_SEARCH_PATHS = (
					"$(inherited)",
					"@executable_path/Frameworks",
				);
				MARKETING_VERSION = 1.0;
				PRODUCT_BUNDLE_IDENTIFIER = com.nagata.invitation;
				PRODUCT_NAME = "$(TARGET_NAME)";
				SWIFT_EMIT_LOC_STRINGS = YES;
				SWIFT_VERSION = 5.0;
				TARGETED_DEVICE_FAMILY = "1,2";
			};
			name = Debug;
		};
		60B253CA288D8E6B004AAF74 /* Release */ = {
			isa = XCBuildConfiguration;
			buildSettings = {
				ASSETCATALOG_COMPILER_APPICON_NAME = AppIcon;
				ASSETCATALOG_COMPILER_GLOBAL_ACCENT_COLOR_NAME = AccentColor;
				CODE_SIGN_STYLE = Automatic;
				CURRENT_PROJECT_VERSION = 1;
				DEVELOPMENT_ASSET_PATHS = "\"invitation/Preview Content\"";
				ENABLE_PREVIEWS = YES;
				GENERATE_INFOPLIST_FILE = YES;
				INFOPLIST_KEY_UIApplicationSceneManifest_Generation = YES;
				INFOPLIST_KEY_UIApplicationSupportsIndirectInputEvents = YES;
				INFOPLIST_KEY_UILaunchScreen_Generation = YES;
				INFOPLIST_KEY_UISupportedInterfaceOrientations_iPad = "UIInterfaceOrientationPortrait UIInterfaceOrientationPortraitUpsideDown UIInterfaceOrientationLandscapeLeft UIInterfaceOrientationLandscapeRight";
				INFOPLIST_KEY_UISupportedInterfaceOrientations_iPhone = "UIInterfaceOrientationPortrait UIInterfaceOrientationLandscapeLeft UIInterfaceOrientationLandscapeRight";
				LD_RUNPATH_SEARCH_PATHS = (
					"$(inherited)",
					"@executable_path/Frameworks",
				);
				MARKETING_VERSION = 1.0;
				PRODUCT_BUNDLE_IDENTIFIER = com.nagata.invitation;
				PRODUCT_NAME = "$(TARGET_NAME)";
				SWIFT_EMIT_LOC_STRINGS = YES;
				SWIFT_VERSION = 5.0;
				TARGETED_DEVICE_FAMILY = "1,2";
			};
			name = Release;
		};
		60B253CC288D8E6B004AAF74 /* Debug */ = {
			isa = XCBuildConfiguration;
			buildSettings = {
				ALWAYS_EMBED_SWIFT_STANDARD_LIBRARIES = YES;
				BUNDLE_LOADER = "$(TEST_HOST)";
				CODE_SIGN_STYLE = Automatic;
				CURRENT_PROJECT_VERSION = 1;
				GENERATE_INFOPLIST_FILE = YES;
				IPHONEOS_DEPLOYMENT_TARGET = 15.5;
				MARKETING_VERSION = 1.0;
				PRODUCT_BUNDLE_IDENTIFIER = com.nagata.invitationTests;
				PRODUCT_NAME = "$(TARGET_NAME)";
				SWIFT_EMIT_LOC_STRINGS = NO;
				SWIFT_VERSION = 5.0;
				TARGETED_DEVICE_FAMILY = "1,2";
				TEST_HOST = "$(BUILT_PRODUCTS_DIR)/invitation.app/invitation";
			};
			name = Debug;
		};
		60B253CD288D8E6B004AAF74 /* Release */ = {
			isa = XCBuildConfiguration;
			buildSettings = {
				ALWAYS_EMBED_SWIFT_STANDARD_LIBRARIES = YES;
				BUNDLE_LOADER = "$(TEST_HOST)";
				CODE_SIGN_STYLE = Automatic;
				CURRENT_PROJECT_VERSION = 1;
				GENERATE_INFOPLIST_FILE = YES;
				IPHONEOS_DEPLOYMENT_TARGET = 15.5;
				MARKETING_VERSION = 1.0;
				PRODUCT_BUNDLE_IDENTIFIER = com.nagata.invitationTests;
				PRODUCT_NAME = "$(TARGET_NAME)";
				SWIFT_EMIT_LOC_STRINGS = NO;
				SWIFT_VERSION = 5.0;
				TARGETED_DEVICE_FAMILY = "1,2";
				TEST_HOST = "$(BUILT_PRODUCTS_DIR)/invitation.app/invitation";
			};
			name = Release;
		};
		60B253CF288D8E6B004AAF74 /* Debug */ = {
			isa = XCBuildConfiguration;
			buildSettings = {
				ALWAYS_EMBED_SWIFT_STANDARD_LIBRARIES = YES;
				CODE_SIGN_STYLE = Automatic;
				CURRENT_PROJECT_VERSION = 1;
				GENERATE_INFOPLIST_FILE = YES;
				MARKETING_VERSION = 1.0;
				PRODUCT_BUNDLE_IDENTIFIER = com.nagata.invitationUITests;
				PRODUCT_NAME = "$(TARGET_NAME)";
				SWIFT_EMIT_LOC_STRINGS = NO;
				SWIFT_VERSION = 5.0;
				TARGETED_DEVICE_FAMILY = "1,2";
				TEST_TARGET_NAME = invitation;
			};
			name = Debug;
		};
		60B253D0288D8E6B004AAF74 /* Release */ = {
			isa = XCBuildConfiguration;
			buildSettings = {
				ALWAYS_EMBED_SWIFT_STANDARD_LIBRARIES = YES;
				CODE_SIGN_STYLE = Automatic;
				CURRENT_PROJECT_VERSION = 1;
				GENERATE_INFOPLIST_FILE = YES;
				MARKETING_VERSION = 1.0;
				PRODUCT_BUNDLE_IDENTIFIER = com.nagata.invitationUITests;
				PRODUCT_NAME = "$(TARGET_NAME)";
				SWIFT_EMIT_LOC_STRINGS = NO;
				SWIFT_VERSION = 5.0;
				TARGETED_DEVICE_FAMILY = "1,2";
				TEST_TARGET_NAME = invitation;
			};
			name = Release;
		};
/* End XCBuildConfiguration section */

/* Begin XCConfigurationList section */
		60B2539F288D8E68004AAF74 /* Build configuration list for PBXProject "invitation" */ = {
			isa = XCConfigurationList;
			buildConfigurations = (
				60B253C6288D8E6B004AAF74 /* Debug */,
				60B253C7288D8E6B004AAF74 /* Release */,
			);
			defaultConfigurationIsVisible = 0;
			defaultConfigurationName = Release;
		};
		60B253C8288D8E6B004AAF74 /* Build configuration list for PBXNativeTarget "invitation" */ = {
			isa = XCConfigurationList;
			buildConfigurations = (
				60B253C9288D8E6B004AAF74 /* Debug */,
				60B253CA288D8E6B004AAF74 /* Release */,
			);
			defaultConfigurationIsVisible = 0;
			defaultConfigurationName = Release;
		};
		60B253CB288D8E6B004AAF74 /* Build configuration list for PBXNativeTarget "invitationTests" */ = {
			isa = XCConfigurationList;
			buildConfigurations = (
				60B253CC288D8E6B004AAF74 /* Debug */,
				60B253CD288D8E6B004AAF74 /* Release */,
			);
			defaultConfigurationIsVisible = 0;
			defaultConfigurationName = Release;
		};
		60B253CE288D8E6B004AAF74 /* Build configuration list for PBXNativeTarget "invitationUITests" */ = {
			isa = XCConfigurationList;
			buildConfigurations = (
				60B253CF288D8E6B004AAF74 /* Debug */,
				60B253D0288D8E6B004AAF74 /* Release */,
			);
			defaultConfigurationIsVisible = 0;
			defaultConfigurationName = Release;
		};
/* End XCConfigurationList section */
	};
	rootObject = 60B2539C288D8E68004AAF74 /* Project object */;
}
